
Microsoft Visual Studio Solution File, Format Version 12.00
# Visual Studio Version 16
VisualStudioVersion = 16.0.810.21
MinimumVisualStudioVersion = 10.0.40219.1
Project("{FAE04EC0-301F-11D3-BF4B-00C04F79EFBC}") = "forex_converter_mvc", "forex_converter_mvc.csproj", "{1B161641-6888-4665-B01E-C8E19382135C}"
EndProject
Global
	GlobalSection(SolutionConfigurationPlatforms) = preSolution
		Debug|Any CPU = Debug|Any CPU
		Release|Any CPU = Release|Any CPU
	EndGlobalSection
	GlobalSection(ProjectConfigurationPlatforms) = postSolution
		{1B161641-6888-4665-B01E-C8E19382135C}.Debug|Any CPU.ActiveCfg = Debug|Any CPU
		{1B161641-6888-4665-B01E-C8E19382135C}.Debug|Any CPU.Build.0 = Debug|Any CPU
		{1B161641-6888-4665-B01E-C8E19382135C}.Release|Any CPU.ActiveCfg = Release|Any CPU
		{1B161641-6888-4665-B01E-C8E19382135C}.Release|Any CPU.Build.0 = Release|Any CPU
	EndGlobalSection
	GlobalSection(SolutionProperties) = preSolution
		HideSolutionNode = FALSE
	EndGlobalSection
	GlobalSection(ExtensibilityGlobals) = postSolution
		SolutionGuid = {E97DFD4D-BFC8-41C0-8626-B32558F33AD5}
	EndGlobalSection
EndGlobal
